// !$*UTF8*$!
{
	archiveVersion = 1;
	classes = {
	};
	objectVersion = 46;
	objects = {

/* Begin PBXBuildFile section */
		0E150C031ACE226600A3A31D /* RequestViewController.m in Sources */ = {isa = PBXBuildFile; fileRef = 0E150C021ACE226600A3A31D /* RequestViewController.m */; };
		0E150C061ACE227500A3A31D /* TutorViewController.m in Sources */ = {isa = PBXBuildFile; fileRef = 0E150C051ACE227500A3A31D /* TutorViewController.m */; };
		0E25B8091AC2054D00B45EFB /* LoginViewController.m in Sources */ = {isa = PBXBuildFile; fileRef = 0E25B8081AC2054D00B45EFB /* LoginViewController.m */; };
		0E25B80D1AC2067600B45EFB /* RegistrationViewController.m in Sources */ = {isa = PBXBuildFile; fileRef = 0E25B80C1AC2067600B45EFB /* RegistrationViewController.m */; };
		0E25B8101AC207FD00B45EFB /* ProfileViewController.m in Sources */ = {isa = PBXBuildFile; fileRef = 0E25B80F1AC207FD00B45EFB /* ProfileViewController.m */; };
		0E25B8211AC20D1800B45EFB /* Bolts.framework in Frameworks */ = {isa = PBXBuildFile; fileRef = 0E25B81C1AC20D1800B45EFB /* Bolts.framework */; };
		0E25B8221AC20D1800B45EFB /* Parse.framework in Frameworks */ = {isa = PBXBuildFile; fileRef = 0E25B81D1AC20D1800B45EFB /* Parse.framework */; };
		0E25B8231AC20D1800B45EFB /* ParseCrashReporting.framework in Frameworks */ = {isa = PBXBuildFile; fileRef = 0E25B81E1AC20D1800B45EFB /* ParseCrashReporting.framework */; };
		0E25B8241AC20D1800B45EFB /* ParseFacebookUtils.framework in Frameworks */ = {isa = PBXBuildFile; fileRef = 0E25B81F1AC20D1800B45EFB /* ParseFacebookUtils.framework */; };
		0E25B8251AC20D1800B45EFB /* ParseUI.framework in Frameworks */ = {isa = PBXBuildFile; fileRef = 0E25B8201AC20D1800B45EFB /* ParseUI.framework */; };
		0E25B8271AC20D7600B45EFB /* AudioToolbox.framework in Frameworks */ = {isa = PBXBuildFile; fileRef = 0E25B8261AC20D7600B45EFB /* AudioToolbox.framework */; };
		0E25B8291AC20D7D00B45EFB /* CFNetwork.framework in Frameworks */ = {isa = PBXBuildFile; fileRef = 0E25B8281AC20D7D00B45EFB /* CFNetwork.framework */; };
		0E25B82B1AC20D8600B45EFB /* CoreGraphics.framework in Frameworks */ = {isa = PBXBuildFile; fileRef = 0E25B82A1AC20D8600B45EFB /* CoreGraphics.framework */; };
		0E25B82D1AC20D8D00B45EFB /* CoreLocation.framework in Frameworks */ = {isa = PBXBuildFile; fileRef = 0E25B82C1AC20D8D00B45EFB /* CoreLocation.framework */; };
		0E25B82F1AC20D9900B45EFB /* MobileCoreServices.framework in Frameworks */ = {isa = PBXBuildFile; fileRef = 0E25B82E1AC20D9900B45EFB /* MobileCoreServices.framework */; };
		0E25B8311AC20D9E00B45EFB /* QuartzCore.framework in Frameworks */ = {isa = PBXBuildFile; fileRef = 0E25B8301AC20D9E00B45EFB /* QuartzCore.framework */; };
		0E25B8331AC20DA400B45EFB /* Security.framework in Frameworks */ = {isa = PBXBuildFile; fileRef = 0E25B8321AC20DA400B45EFB /* Security.framework */; };
		0E25B8371AC20DB600B45EFB /* SystemConfiguration.framework in Frameworks */ = {isa = PBXBuildFile; fileRef = 0E25B8361AC20DB600B45EFB /* SystemConfiguration.framework */; };
		0E25B8391AC20DC300B45EFB /* libz.dylib in Frameworks */ = {isa = PBXBuildFile; fileRef = 0E25B8381AC20DC300B45EFB /* libz.dylib */; };
		0E25B83B1AC20DCC00B45EFB /* libsqlite3.dylib in Frameworks */ = {isa = PBXBuildFile; fileRef = 0E25B83A1AC20DCC00B45EFB /* libsqlite3.dylib */; };
		0E442E201ACE255E002C7DB7 /* requestTabIcon.png in Resources */ = {isa = PBXBuildFile; fileRef = 0E442E1F1ACE255E002C7DB7 /* requestTabIcon.png */; };
		0E442E221ACE25A8002C7DB7 /* tutorTabIcon.png in Resources */ = {isa = PBXBuildFile; fileRef = 0E442E211ACE25A8002C7DB7 /* tutorTabIcon.png */; };
		0E442E241ACE6BEB002C7DB7 /* logoutButton.png in Resources */ = {isa = PBXBuildFile; fileRef = 0E442E231ACE6BEB002C7DB7 /* logoutButton.png */; };
		0E442E261ACE6C53002C7DB7 /* whiteLogout.png in Resources */ = {isa = PBXBuildFile; fileRef = 0E442E251ACE6C53002C7DB7 /* whiteLogout.png */; };
		0E4998891ACB326D000D0A41 /* TuborProfileBackground.png in Resources */ = {isa = PBXBuildFile; fileRef = 0E4998881ACB326D000D0A41 /* TuborProfileBackground.png */; };
		0E4A131D1ABDF20600C20D71 /* main.m in Sources */ = {isa = PBXBuildFile; fileRef = 0E4A131C1ABDF20600C20D71 /* main.m */; };
		0E4A13201ABDF20600C20D71 /* AppDelegate.m in Sources */ = {isa = PBXBuildFile; fileRef = 0E4A131F1ABDF20600C20D71 /* AppDelegate.m */; };
		0E4A13281ABDF20600C20D71 /* Images.xcassets in Resources */ = {isa = PBXBuildFile; fileRef = 0E4A13271ABDF20600C20D71 /* Images.xcassets */; };
		0E4A132B1ABDF20600C20D71 /* LaunchScreen.xib in Resources */ = {isa = PBXBuildFile; fileRef = 0E4A13291ABDF20600C20D71 /* LaunchScreen.xib */; };
		0E4A13371ABDF20600C20D71 /* TuborTests.m in Sources */ = {isa = PBXBuildFile; fileRef = 0E4A13361ABDF20600C20D71 /* TuborTests.m */; };
		0E4C6E6B1AEC0B7A00B6DFBB /* MapKit.framework in Frameworks */ = {isa = PBXBuildFile; fileRef = 0E4C6E6A1AEC0B7A00B6DFBB /* MapKit.framework */; };
		0E4C6E781AEC365A00B6DFBB /* Main.storyboard in Resources */ = {isa = PBXBuildFile; fileRef = 0E4C6E771AEC365A00B6DFBB /* Main.storyboard */; };
		0E4D33DC1ACD08C4001C5416 /* CustomProfileCell.xib in Resources */ = {isa = PBXBuildFile; fileRef = 0E4D33DB1ACD08C4001C5416 /* CustomProfileCell.xib */; };
		0E4D33DF1ACD0996001C5416 /* ProfileTableViewCell.m in Sources */ = {isa = PBXBuildFile; fileRef = 0E4D33DE1ACD0996001C5416 /* ProfileTableViewCell.m */; };
		0E4D33E81ACD2DA5001C5416 /* studentImage.png in Resources */ = {isa = PBXBuildFile; fileRef = 0E4D33E71ACD2DA5001C5416 /* studentImage.png */; };
		0E4D33EA1ACDB884001C5416 /* profileTabIcon.png in Resources */ = {isa = PBXBuildFile; fileRef = 0E4D33E91ACDB884001C5416 /* profileTabIcon.png */; };
		0E4DF8911AEF717E0067312E /* tappicon2x.png in Resources */ = {isa = PBXBuildFile; fileRef = 0E4DF88F1AEF717E0067312E /* tappicon2x.png */; };
		0E4DF8921AEF717E0067312E /* tappicon3x.png in Resources */ = {isa = PBXBuildFile; fileRef = 0E4DF8901AEF717E0067312E /* tappicon3x.png */; };
		0E4DF8941AEF73050067312E /* tNavTitle.png in Resources */ = {isa = PBXBuildFile; fileRef = 0E4DF8931AEF73050067312E /* tNavTitle.png */; };
		0E4F91361AC70CA40014209A /* TuborRegistrationBackground.png in Resources */ = {isa = PBXBuildFile; fileRef = 0E4F91351AC70CA40014209A /* TuborRegistrationBackground.png */; };
		0ECA1F4F1AF02987007E3DA1 /* EditProfileViewController.m in Sources */ = {isa = PBXBuildFile; fileRef = 0ECA1F4E1AF02987007E3DA1 /* EditProfileViewController.m */; };
		0EE2B8C91AC5D0D400D4B000 /* defaultUserPic_small.jpeg in Resources */ = {isa = PBXBuildFile; fileRef = 0EE2B8C81AC5D0D400D4B000 /* defaultUserPic_small.jpeg */; };
		0EE2B8CB1AC5E13C00D4B000 /* TuborLoginBackground.png in Resources */ = {isa = PBXBuildFile; fileRef = 0EE2B8CA1AC5E13C00D4B000 /* TuborLoginBackground.png */; };
		0EE2B8CE1AC5E7CA00D4B000 /* TuborBlueButton.m in Sources */ = {isa = PBXBuildFile; fileRef = 0EE2B8CD1AC5E7CA00D4B000 /* TuborBlueButton.m */; };
/* End PBXBuildFile section */

/* Begin PBXContainerItemProxy section */
		0E4A13311ABDF20600C20D71 /* PBXContainerItemProxy */ = {
			isa = PBXContainerItemProxy;
			containerPortal = 0E4A130F1ABDF20600C20D71 /* Project object */;
			proxyType = 1;
			remoteGlobalIDString = 0E4A13161ABDF20600C20D71;
			remoteInfo = Tubor;
		};
/* End PBXContainerItemProxy section */

/* Begin PBXFileReference section */
		0E150C011ACE226600A3A31D /* RequestViewController.h */ = {isa = PBXFileReference; fileEncoding = 4; lastKnownFileType = sourcecode.c.h; path = RequestViewController.h; sourceTree = "<group>"; };
		0E150C021ACE226600A3A31D /* RequestViewController.m */ = {isa = PBXFileReference; fileEncoding = 4; lastKnownFileType = sourcecode.c.objc; path = RequestViewController.m; sourceTree = "<group>"; };
		0E150C041ACE227500A3A31D /* TutorViewController.h */ = {isa = PBXFileReference; fileEncoding = 4; lastKnownFileType = sourcecode.c.h; path = TutorViewController.h; sourceTree = "<group>"; };
		0E150C051ACE227500A3A31D /* TutorViewController.m */ = {isa = PBXFileReference; fileEncoding = 4; lastKnownFileType = sourcecode.c.objc; path = TutorViewController.m; sourceTree = "<group>"; };
		0E25B8071AC2054D00B45EFB /* LoginViewController.h */ = {isa = PBXFileReference; fileEncoding = 4; lastKnownFileType = sourcecode.c.h; path = LoginViewController.h; sourceTree = "<group>"; };
		0E25B8081AC2054D00B45EFB /* LoginViewController.m */ = {isa = PBXFileReference; fileEncoding = 4; lastKnownFileType = sourcecode.c.objc; path = LoginViewController.m; sourceTree = "<group>"; };
		0E25B80B1AC2067600B45EFB /* RegistrationViewController.h */ = {isa = PBXFileReference; fileEncoding = 4; lastKnownFileType = sourcecode.c.h; path = RegistrationViewController.h; sourceTree = "<group>"; };
		0E25B80C1AC2067600B45EFB /* RegistrationViewController.m */ = {isa = PBXFileReference; fileEncoding = 4; lastKnownFileType = sourcecode.c.objc; path = RegistrationViewController.m; sourceTree = "<group>"; };
		0E25B80E1AC207FD00B45EFB /* ProfileViewController.h */ = {isa = PBXFileReference; fileEncoding = 4; lastKnownFileType = sourcecode.c.h; path = ProfileViewController.h; sourceTree = "<group>"; };
		0E25B80F1AC207FD00B45EFB /* ProfileViewController.m */ = {isa = PBXFileReference; fileEncoding = 4; lastKnownFileType = sourcecode.c.objc; path = ProfileViewController.m; sourceTree = "<group>"; };
		0E25B81C1AC20D1800B45EFB /* Bolts.framework */ = {isa = PBXFileReference; lastKnownFileType = wrapper.framework; path = Bolts.framework; sourceTree = "<group>"; };
		0E25B81D1AC20D1800B45EFB /* Parse.framework */ = {isa = PBXFileReference; lastKnownFileType = wrapper.framework; path = Parse.framework; sourceTree = "<group>"; };
		0E25B81E1AC20D1800B45EFB /* ParseCrashReporting.framework */ = {isa = PBXFileReference; lastKnownFileType = wrapper.framework; path = ParseCrashReporting.framework; sourceTree = "<group>"; };
		0E25B81F1AC20D1800B45EFB /* ParseFacebookUtils.framework */ = {isa = PBXFileReference; lastKnownFileType = wrapper.framework; path = ParseFacebookUtils.framework; sourceTree = "<group>"; };
		0E25B8201AC20D1800B45EFB /* ParseUI.framework */ = {isa = PBXFileReference; lastKnownFileType = wrapper.framework; path = ParseUI.framework; sourceTree = "<group>"; };
		0E25B8261AC20D7600B45EFB /* AudioToolbox.framework */ = {isa = PBXFileReference; lastKnownFileType = wrapper.framework; name = AudioToolbox.framework; path = System/Library/Frameworks/AudioToolbox.framework; sourceTree = SDKROOT; };
		0E25B8281AC20D7D00B45EFB /* CFNetwork.framework */ = {isa = PBXFileReference; lastKnownFileType = wrapper.framework; name = CFNetwork.framework; path = System/Library/Frameworks/CFNetwork.framework; sourceTree = SDKROOT; };
		0E25B82A1AC20D8600B45EFB /* CoreGraphics.framework */ = {isa = PBXFileReference; lastKnownFileType = wrapper.framework; name = CoreGraphics.framework; path = System/Library/Frameworks/CoreGraphics.framework; sourceTree = SDKROOT; };
		0E25B82C1AC20D8D00B45EFB /* CoreLocation.framework */ = {isa = PBXFileReference; lastKnownFileType = wrapper.framework; name = CoreLocation.framework; path = System/Library/Frameworks/CoreLocation.framework; sourceTree = SDKROOT; };
		0E25B82E1AC20D9900B45EFB /* MobileCoreServices.framework */ = {isa = PBXFileReference; lastKnownFileType = wrapper.framework; name = MobileCoreServices.framework; path = System/Library/Frameworks/MobileCoreServices.framework; sourceTree = SDKROOT; };
		0E25B8301AC20D9E00B45EFB /* QuartzCore.framework */ = {isa = PBXFileReference; lastKnownFileType = wrapper.framework; name = QuartzCore.framework; path = System/Library/Frameworks/QuartzCore.framework; sourceTree = SDKROOT; };
		0E25B8321AC20DA400B45EFB /* Security.framework */ = {isa = PBXFileReference; lastKnownFileType = wrapper.framework; name = Security.framework; path = System/Library/Frameworks/Security.framework; sourceTree = SDKROOT; };
		0E25B8361AC20DB600B45EFB /* SystemConfiguration.framework */ = {isa = PBXFileReference; lastKnownFileType = wrapper.framework; name = SystemConfiguration.framework; path = System/Library/Frameworks/SystemConfiguration.framework; sourceTree = SDKROOT; };
		0E25B8381AC20DC300B45EFB /* libz.dylib */ = {isa = PBXFileReference; lastKnownFileType = "compiled.mach-o.dylib"; name = libz.dylib; path = usr/lib/libz.dylib; sourceTree = SDKROOT; };
		0E25B83A1AC20DCC00B45EFB /* libsqlite3.dylib */ = {isa = PBXFileReference; lastKnownFileType = "compiled.mach-o.dylib"; name = libsqlite3.dylib; path = usr/lib/libsqlite3.dylib; sourceTree = SDKROOT; };
		0E442E1F1ACE255E002C7DB7 /* requestTabIcon.png */ = {isa = PBXFileReference; lastKnownFileType = image.png; path = requestTabIcon.png; sourceTree = "<group>"; };
		0E442E211ACE25A8002C7DB7 /* tutorTabIcon.png */ = {isa = PBXFileReference; lastKnownFileType = image.png; path = tutorTabIcon.png; sourceTree = "<group>"; };
		0E442E231ACE6BEB002C7DB7 /* logoutButton.png */ = {isa = PBXFileReference; lastKnownFileType = image.png; path = logoutButton.png; sourceTree = "<group>"; };
		0E442E251ACE6C53002C7DB7 /* whiteLogout.png */ = {isa = PBXFileReference; lastKnownFileType = image.png; path = whiteLogout.png; sourceTree = "<group>"; };
		0E4998881ACB326D000D0A41 /* TuborProfileBackground.png */ = {isa = PBXFileReference; lastKnownFileType = image.png; path = TuborProfileBackground.png; sourceTree = "<group>"; };
		0E4A13171ABDF20600C20D71 /* Tubor.app */ = {isa = PBXFileReference; explicitFileType = wrapper.application; includeInIndex = 0; path = Tubor.app; sourceTree = BUILT_PRODUCTS_DIR; };
		0E4A131B1ABDF20600C20D71 /* Info.plist */ = {isa = PBXFileReference; lastKnownFileType = text.plist.xml; path = Info.plist; sourceTree = "<group>"; };
		0E4A131C1ABDF20600C20D71 /* main.m */ = {isa = PBXFileReference; lastKnownFileType = sourcecode.c.objc; path = main.m; sourceTree = "<group>"; };
		0E4A131E1ABDF20600C20D71 /* AppDelegate.h */ = {isa = PBXFileReference; lastKnownFileType = sourcecode.c.h; path = AppDelegate.h; sourceTree = "<group>"; };
		0E4A131F1ABDF20600C20D71 /* AppDelegate.m */ = {isa = PBXFileReference; lastKnownFileType = sourcecode.c.objc; path = AppDelegate.m; sourceTree = "<group>"; };
		0E4A13271ABDF20600C20D71 /* Images.xcassets */ = {isa = PBXFileReference; lastKnownFileType = folder.assetcatalog; path = Images.xcassets; sourceTree = "<group>"; };
		0E4A132A1ABDF20600C20D71 /* Base */ = {isa = PBXFileReference; lastKnownFileType = file.xib; name = Base; path = Base.lproj/LaunchScreen.xib; sourceTree = "<group>"; };
		0E4A13301ABDF20600C20D71 /* TuborTests.xctest */ = {isa = PBXFileReference; explicitFileType = wrapper.cfbundle; includeInIndex = 0; path = TuborTests.xctest; sourceTree = BUILT_PRODUCTS_DIR; };
		0E4A13351ABDF20600C20D71 /* Info.plist */ = {isa = PBXFileReference; lastKnownFileType = text.plist.xml; path = Info.plist; sourceTree = "<group>"; };
		0E4A13361ABDF20600C20D71 /* TuborTests.m */ = {isa = PBXFileReference; lastKnownFileType = sourcecode.c.objc; path = TuborTests.m; sourceTree = "<group>"; };
		0E4C6E6A1AEC0B7A00B6DFBB /* MapKit.framework */ = {isa = PBXFileReference; lastKnownFileType = wrapper.framework; name = MapKit.framework; path = System/Library/Frameworks/MapKit.framework; sourceTree = SDKROOT; };
		0E4C6E771AEC365A00B6DFBB /* Main.storyboard */ = {isa = PBXFileReference; fileEncoding = 4; lastKnownFileType = file.storyboard; path = Main.storyboard; sourceTree = "<group>"; };
		0E4D33DB1ACD08C4001C5416 /* CustomProfileCell.xib */ = {isa = PBXFileReference; fileEncoding = 4; lastKnownFileType = file.xib; path = CustomProfileCell.xib; sourceTree = "<group>"; };
		0E4D33DD1ACD0996001C5416 /* ProfileTableViewCell.h */ = {isa = PBXFileReference; fileEncoding = 4; lastKnownFileType = sourcecode.c.h; path = ProfileTableViewCell.h; sourceTree = "<group>"; };
		0E4D33DE1ACD0996001C5416 /* ProfileTableViewCell.m */ = {isa = PBXFileReference; fileEncoding = 4; lastKnownFileType = sourcecode.c.objc; path = ProfileTableViewCell.m; sourceTree = "<group>"; };
		0E4D33E71ACD2DA5001C5416 /* studentImage.png */ = {isa = PBXFileReference; lastKnownFileType = image.png; path = studentImage.png; sourceTree = "<group>"; };
		0E4D33E91ACDB884001C5416 /* profileTabIcon.png */ = {isa = PBXFileReference; lastKnownFileType = image.png; path = profileTabIcon.png; sourceTree = "<group>"; };
		0E4DF88F1AEF717E0067312E /* tappicon2x.png */ = {isa = PBXFileReference; lastKnownFileType = image.png; path = tappicon2x.png; sourceTree = "<group>"; };
		0E4DF8901AEF717E0067312E /* tappicon3x.png */ = {isa = PBXFileReference; lastKnownFileType = image.png; path = tappicon3x.png; sourceTree = "<group>"; };
		0E4DF8931AEF73050067312E /* tNavTitle.png */ = {isa = PBXFileReference; lastKnownFileType = image.png; path = tNavTitle.png; sourceTree = "<group>"; };
		0E4F91351AC70CA40014209A /* TuborRegistrationBackground.png */ = {isa = PBXFileReference; lastKnownFileType = image.png; path = TuborRegistrationBackground.png; sourceTree = "<group>"; };
		0ECA1F4D1AF02987007E3DA1 /* EditProfileViewController.h */ = {isa = PBXFileReference; fileEncoding = 4; lastKnownFileType = sourcecode.c.h; name = EditProfileViewController.h; path = ../EditProfileViewController.h; sourceTree = "<group>"; };
		0ECA1F4E1AF02987007E3DA1 /* EditProfileViewController.m */ = {isa = PBXFileReference; fileEncoding = 4; lastKnownFileType = sourcecode.c.objc; name = EditProfileViewController.m; path = ../EditProfileViewController.m; sourceTree = "<group>"; };
		0EE2B8C81AC5D0D400D4B000 /* defaultUserPic_small.jpeg */ = {isa = PBXFileReference; lastKnownFileType = image.jpeg; path = defaultUserPic_small.jpeg; sourceTree = "<group>"; };
		0EE2B8CA1AC5E13C00D4B000 /* TuborLoginBackground.png */ = {isa = PBXFileReference; lastKnownFileType = image.png; path = TuborLoginBackground.png; sourceTree = "<group>"; };
		0EE2B8CC1AC5E7CA00D4B000 /* TuborBlueButton.h */ = {isa = PBXFileReference; fileEncoding = 4; lastKnownFileType = sourcecode.c.h; path = TuborBlueButton.h; sourceTree = "<group>"; };
		0EE2B8CD1AC5E7CA00D4B000 /* TuborBlueButton.m */ = {isa = PBXFileReference; fileEncoding = 4; lastKnownFileType = sourcecode.c.objc; path = TuborBlueButton.m; sourceTree = "<group>"; };
/* End PBXFileReference section */

/* Begin PBXFrameworksBuildPhase section */
		0E4A13141ABDF20600C20D71 /* Frameworks */ = {
			isa = PBXFrameworksBuildPhase;
			buildActionMask = 2147483647;
			files = (
				0E4C6E6B1AEC0B7A00B6DFBB /* MapKit.framework in Frameworks */,
				0E25B82D1AC20D8D00B45EFB /* CoreLocation.framework in Frameworks */,
				0E25B83B1AC20DCC00B45EFB /* libsqlite3.dylib in Frameworks */,
				0E25B8391AC20DC300B45EFB /* libz.dylib in Frameworks */,
				0E25B8371AC20DB600B45EFB /* SystemConfiguration.framework in Frameworks */,
				0E25B8331AC20DA400B45EFB /* Security.framework in Frameworks */,
				0E25B8311AC20D9E00B45EFB /* QuartzCore.framework in Frameworks */,
				0E25B82F1AC20D9900B45EFB /* MobileCoreServices.framework in Frameworks */,
				0E25B82B1AC20D8600B45EFB /* CoreGraphics.framework in Frameworks */,
				0E25B8291AC20D7D00B45EFB /* CFNetwork.framework in Frameworks */,
				0E25B8271AC20D7600B45EFB /* AudioToolbox.framework in Frameworks */,
				0E25B8221AC20D1800B45EFB /* Parse.framework in Frameworks */,
				0E25B8231AC20D1800B45EFB /* ParseCrashReporting.framework in Frameworks */,
				0E25B8251AC20D1800B45EFB /* ParseUI.framework in Frameworks */,
				0E25B8241AC20D1800B45EFB /* ParseFacebookUtils.framework in Frameworks */,
				0E25B8211AC20D1800B45EFB /* Bolts.framework in Frameworks */,
			);
			runOnlyForDeploymentPostprocessing = 0;
		};
		0E4A132D1ABDF20600C20D71 /* Frameworks */ = {
			isa = PBXFrameworksBuildPhase;
			buildActionMask = 2147483647;
			files = (
			);
			runOnlyForDeploymentPostprocessing = 0;
		};
/* End PBXFrameworksBuildPhase section */

/* Begin PBXGroup section */
		0E25B80A1AC2057A00B45EFB /* View Controllers */ = {
			isa = PBXGroup;
			children = (
				0E25B8071AC2054D00B45EFB /* LoginViewController.h */,
				0E25B8081AC2054D00B45EFB /* LoginViewController.m */,
				0E25B80E1AC207FD00B45EFB /* ProfileViewController.h */,
				0E25B80F1AC207FD00B45EFB /* ProfileViewController.m */,
				0ECA1F4D1AF02987007E3DA1 /* EditProfileViewController.h */,
				0ECA1F4E1AF02987007E3DA1 /* EditProfileViewController.m */,
				0E25B80B1AC2067600B45EFB /* RegistrationViewController.h */,
				0E25B80C1AC2067600B45EFB /* RegistrationViewController.m */,
				0E150C011ACE226600A3A31D /* RequestViewController.h */,
				0E150C021ACE226600A3A31D /* RequestViewController.m */,
				0E150C041ACE227500A3A31D /* TutorViewController.h */,
				0E150C051ACE227500A3A31D /* TutorViewController.m */,
			);
			name = "View Controllers";
			sourceTree = "<group>";
		};
		0E25B81B1AC20CB600B45EFB /* Frameworks */ = {
			isa = PBXGroup;
			children = (
				0E25B83A1AC20DCC00B45EFB /* libsqlite3.dylib */,
				0E25B8381AC20DC300B45EFB /* libz.dylib */,
				0E25B8361AC20DB600B45EFB /* SystemConfiguration.framework */,
				0E25B8321AC20DA400B45EFB /* Security.framework */,
				0E25B8301AC20D9E00B45EFB /* QuartzCore.framework */,
				0E25B82E1AC20D9900B45EFB /* MobileCoreServices.framework */,
				0E25B82C1AC20D8D00B45EFB /* CoreLocation.framework */,
				0E25B82A1AC20D8600B45EFB /* CoreGraphics.framework */,
				0E25B8281AC20D7D00B45EFB /* CFNetwork.framework */,
				0E25B8261AC20D7600B45EFB /* AudioToolbox.framework */,
				0E25B81C1AC20D1800B45EFB /* Bolts.framework */,
				0E25B81D1AC20D1800B45EFB /* Parse.framework */,
				0E25B81E1AC20D1800B45EFB /* ParseCrashReporting.framework */,
				0E25B81F1AC20D1800B45EFB /* ParseFacebookUtils.framework */,
				0E25B8201AC20D1800B45EFB /* ParseUI.framework */,
			);
			name = Frameworks;
			sourceTree = "<group>";
		};
		0E4998871ACB15F5000D0A41 /* Models */ = {
			isa = PBXGroup;
			children = (
				0EE2B8CC1AC5E7CA00D4B000 /* TuborBlueButton.h */,
				0EE2B8CD1AC5E7CA00D4B000 /* TuborBlueButton.m */,
			);
			name = Models;
			sourceTree = "<group>";
		};
		0E4A130E1ABDF20600C20D71 = {
			isa = PBXGroup;
			children = (
				0E4C6E6A1AEC0B7A00B6DFBB /* MapKit.framework */,
				0E4A13191ABDF20600C20D71 /* Tubor */,
				0E4A13331ABDF20600C20D71 /* TuborTests */,
				0E4A13181ABDF20600C20D71 /* Products */,
			);
			sourceTree = "<group>";
		};
		0E4A13181ABDF20600C20D71 /* Products */ = {
			isa = PBXGroup;
			children = (
				0E4A13171ABDF20600C20D71 /* Tubor.app */,
				0E4A13301ABDF20600C20D71 /* TuborTests.xctest */,
			);
			name = Products;
			sourceTree = "<group>";
		};
		0E4A13191ABDF20600C20D71 /* Tubor */ = {
			isa = PBXGroup;
			children = (
				0E25B81B1AC20CB600B45EFB /* Frameworks */,
				0E4A131E1ABDF20600C20D71 /* AppDelegate.h */,
				0E4A131F1ABDF20600C20D71 /* AppDelegate.m */,
				0E4D33DB1ACD08C4001C5416 /* CustomProfileCell.xib */,
				0E4D33DD1ACD0996001C5416 /* ProfileTableViewCell.h */,
				0E4D33DE1ACD0996001C5416 /* ProfileTableViewCell.m */,
				0E25B80A1AC2057A00B45EFB /* View Controllers */,
				0E4998871ACB15F5000D0A41 /* Models */,
				0E4A13271ABDF20600C20D71 /* Images.xcassets */,
				0E4A13291ABDF20600C20D71 /* LaunchScreen.xib */,
				0E4C6E771AEC365A00B6DFBB /* Main.storyboard */,
				0E4A131A1ABDF20600C20D71 /* Supporting Files */,
			);
			path = Tubor;
			sourceTree = "<group>";
		};
		0E4A131A1ABDF20600C20D71 /* Supporting Files */ = {
			isa = PBXGroup;
			children = (
				0E4DF88F1AEF717E0067312E /* tappicon2x.png */,
				0E4DF8931AEF73050067312E /* tNavTitle.png */,
				0E4DF8901AEF717E0067312E /* tappicon3x.png */,
				0E442E251ACE6C53002C7DB7 /* whiteLogout.png */,
				0E442E211ACE25A8002C7DB7 /* tutorTabIcon.png */,
				0E442E231ACE6BEB002C7DB7 /* logoutButton.png */,
				0E442E1F1ACE255E002C7DB7 /* requestTabIcon.png */,
				0E4D33E91ACDB884001C5416 /* profileTabIcon.png */,
				0E4D33E71ACD2DA5001C5416 /* studentImage.png */,
				0E4998881ACB326D000D0A41 /* TuborProfileBackground.png */,
				0E4F91351AC70CA40014209A /* TuborRegistrationBackground.png */,
				0EE2B8CA1AC5E13C00D4B000 /* TuborLoginBackground.png */,
				0EE2B8C81AC5D0D400D4B000 /* defaultUserPic_small.jpeg */,
				0E4A131B1ABDF20600C20D71 /* Info.plist */,
				0E4A131C1ABDF20600C20D71 /* main.m */,
			);
			name = "Supporting Files";
			sourceTree = "<group>";
		};
		0E4A13331ABDF20600C20D71 /* TuborTests */ = {
			isa = PBXGroup;
			children = (
				0E4A13361ABDF20600C20D71 /* TuborTests.m */,
				0E4A13341ABDF20600C20D71 /* Supporting Files */,
			);
			path = TuborTests;
			sourceTree = "<group>";
		};
		0E4A13341ABDF20600C20D71 /* Supporting Files */ = {
			isa = PBXGroup;
			children = (
				0E4A13351ABDF20600C20D71 /* Info.plist */,
			);
			name = "Supporting Files";
			sourceTree = "<group>";
		};
/* End PBXGroup section */

/* Begin PBXNativeTarget section */
		0E4A13161ABDF20600C20D71 /* Tubor */ = {
			isa = PBXNativeTarget;
			buildConfigurationList = 0E4A133A1ABDF20600C20D71 /* Build configuration list for PBXNativeTarget "Tubor" */;
			buildPhases = (
				0E4A13131ABDF20600C20D71 /* Sources */,
				0E4A13141ABDF20600C20D71 /* Frameworks */,
				0E4A13151ABDF20600C20D71 /* Resources */,
			);
			buildRules = (
			);
			dependencies = (
			);
			name = Tubor;
			productName = Tubor;
			productReference = 0E4A13171ABDF20600C20D71 /* Tubor.app */;
			productType = "com.apple.product-type.application";
		};
		0E4A132F1ABDF20600C20D71 /* TuborTests */ = {
			isa = PBXNativeTarget;
			buildConfigurationList = 0E4A133D1ABDF20600C20D71 /* Build configuration list for PBXNativeTarget "TuborTests" */;
			buildPhases = (
				0E4A132C1ABDF20600C20D71 /* Sources */,
				0E4A132D1ABDF20600C20D71 /* Frameworks */,
				0E4A132E1ABDF20600C20D71 /* Resources */,
			);
			buildRules = (
			);
			dependencies = (
				0E4A13321ABDF20600C20D71 /* PBXTargetDependency */,
			);
			name = TuborTests;
			productName = TuborTests;
			productReference = 0E4A13301ABDF20600C20D71 /* TuborTests.xctest */;
			productType = "com.apple.product-type.bundle.unit-test";
		};
/* End PBXNativeTarget section */

/* Begin PBXProject section */
		0E4A130F1ABDF20600C20D71 /* Project object */ = {
			isa = PBXProject;
			attributes = {
				LastUpgradeCheck = 0620;
				ORGANIZATIONNAME = "Marcelo Sedano";
				TargetAttributes = {
					0E4A13161ABDF20600C20D71 = {
						CreatedOnToolsVersion = 6.2;
						DevelopmentTeam = BWSLUFSJRA;
						SystemCapabilities = {
							com.apple.InAppPurchase = {
								enabled = 0;
							};
						};
					};
					0E4A132F1ABDF20600C20D71 = {
						CreatedOnToolsVersion = 6.2;
						TestTargetID = 0E4A13161ABDF20600C20D71;
					};
				};
			};
			buildConfigurationList = 0E4A13121ABDF20600C20D71 /* Build configuration list for PBXProject "Tubor" */;
			compatibilityVersion = "Xcode 3.2";
			developmentRegion = English;
			hasScannedForEncodings = 0;
			knownRegions = (
				en,
				Base,
			);
			mainGroup = 0E4A130E1ABDF20600C20D71;
			productRefGroup = 0E4A13181ABDF20600C20D71 /* Products */;
			projectDirPath = "";
			projectRoot = "";
			targets = (
				0E4A13161ABDF20600C20D71 /* Tubor */,
				0E4A132F1ABDF20600C20D71 /* TuborTests */,
			);
		};
/* End PBXProject section */

/* Begin PBXResourcesBuildPhase section */
		0E4A13151ABDF20600C20D71 /* Resources */ = {
			isa = PBXResourcesBuildPhase;
			buildActionMask = 2147483647;
			files = (
				0E442E241ACE6BEB002C7DB7 /* logoutButton.png in Resources */,
				0E442E221ACE25A8002C7DB7 /* tutorTabIcon.png in Resources */,
				0E4DF8941AEF73050067312E /* tNavTitle.png in Resources */,
				0E442E261ACE6C53002C7DB7 /* whiteLogout.png in Resources */,
				0E442E201ACE255E002C7DB7 /* requestTabIcon.png in Resources */,
				0E4998891ACB326D000D0A41 /* TuborProfileBackground.png in Resources */,
				0E4D33DC1ACD08C4001C5416 /* CustomProfileCell.xib in Resources */,
				0E4D33EA1ACDB884001C5416 /* profileTabIcon.png in Resources */,
				0EE2B8C91AC5D0D400D4B000 /* defaultUserPic_small.jpeg in Resources */,
				0E4DF8911AEF717E0067312E /* tappicon2x.png in Resources */,
				0E4D33E81ACD2DA5001C5416 /* studentImage.png in Resources */,
				0E4A132B1ABDF20600C20D71 /* LaunchScreen.xib in Resources */,
				0E4A13281ABDF20600C20D71 /* Images.xcassets in Resources */,
				0E4DF8921AEF717E0067312E /* tappicon3x.png in Resources */,
				0E4C6E781AEC365A00B6DFBB /* Main.storyboard in Resources */,
				0EE2B8CB1AC5E13C00D4B000 /* TuborLoginBackground.png in Resources */,
				0E4F91361AC70CA40014209A /* TuborRegistrationBackground.png in Resources */,
			);
			runOnlyForDeploymentPostprocessing = 0;
		};
		0E4A132E1ABDF20600C20D71 /* Resources */ = {
			isa = PBXResourcesBuildPhase;
			buildActionMask = 2147483647;
			files = (
			);
			runOnlyForDeploymentPostprocessing = 0;
		};
/* End PBXResourcesBuildPhase section */

/* Begin PBXSourcesBuildPhase section */
		0E4A13131ABDF20600C20D71 /* Sources */ = {
			isa = PBXSourcesBuildPhase;
			buildActionMask = 2147483647;
			files = (
				0E25B8091AC2054D00B45EFB /* LoginViewController.m in Sources */,
				0E25B80D1AC2067600B45EFB /* RegistrationViewController.m in Sources */,
				0ECA1F4F1AF02987007E3DA1 /* EditProfileViewController.m in Sources */,
				0EE2B8CE1AC5E7CA00D4B000 /* TuborBlueButton.m in Sources */,
				0E4A13201ABDF20600C20D71 /* AppDelegate.m in Sources */,
				0E150C031ACE226600A3A31D /* RequestViewController.m in Sources */,
				0E4D33DF1ACD0996001C5416 /* ProfileTableViewCell.m in Sources */,
				0E25B8101AC207FD00B45EFB /* ProfileViewController.m in Sources */,
				0E4A131D1ABDF20600C20D71 /* main.m in Sources */,
				0E150C061ACE227500A3A31D /* TutorViewController.m in Sources */,
			);
			runOnlyForDeploymentPostprocessing = 0;
		};
		0E4A132C1ABDF20600C20D71 /* Sources */ = {
			isa = PBXSourcesBuildPhase;
			buildActionMask = 2147483647;
			files = (
				0E4A13371ABDF20600C20D71 /* TuborTests.m in Sources */,
			);
			runOnlyForDeploymentPostprocessing = 0;
		};
/* End PBXSourcesBuildPhase section */

/* Begin PBXTargetDependency section */
		0E4A13321ABDF20600C20D71 /* PBXTargetDependency */ = {
			isa = PBXTargetDependency;
			target = 0E4A13161ABDF20600C20D71 /* Tubor */;
			targetProxy = 0E4A13311ABDF20600C20D71 /* PBXContainerItemProxy */;
		};
/* End PBXTargetDependency section */

/* Begin PBXVariantGroup section */
		0E4A13291ABDF20600C20D71 /* LaunchScreen.xib */ = {
			isa = PBXVariantGroup;
			children = (
				0E4A132A1ABDF20600C20D71 /* Base */,
			);
			name = LaunchScreen.xib;
			sourceTree = "<group>";
		};
/* End PBXVariantGroup section */

/* Begin XCBuildConfiguration section */
		0E4A13381ABDF20600C20D71 /* Debug */ = {
			isa = XCBuildConfiguration;
			buildSettings = {
				ALWAYS_SEARCH_USER_PATHS = NO;
				CLANG_CXX_LANGUAGE_STANDARD = "gnu++0x";
				CLANG_CXX_LIBRARY = "libc++";
				CLANG_ENABLE_MODULES = YES;
				CLANG_ENABLE_OBJC_ARC = YES;
				CLANG_WARN_BOOL_CONVERSION = YES;
				CLANG_WARN_CONSTANT_CONVERSION = YES;
				CLANG_WARN_DIRECT_OBJC_ISA_USAGE = YES_ERROR;
				CLANG_WARN_EMPTY_BODY = YES;
				CLANG_WARN_ENUM_CONVERSION = YES;
				CLANG_WARN_INT_CONVERSION = YES;
				CLANG_WARN_OBJC_ROOT_CLASS = YES_ERROR;
				CLANG_WARN_UNREACHABLE_CODE = YES;
				CLANG_WARN__DUPLICATE_METHOD_MATCH = YES;
				CODE_SIGN_IDENTITY = "iPhone Developer: Marcelo Sedano (YBRUC8KCBU)";
				"CODE_SIGN_IDENTITY[sdk=iphoneos*]" = "iPhone Developer";
				COPY_PHASE_STRIP = NO;
				ENABLE_STRICT_OBJC_MSGSEND = YES;
				GCC_C_LANGUAGE_STANDARD = gnu99;
				GCC_DYNAMIC_NO_PIC = NO;
				GCC_OPTIMIZATION_LEVEL = 0;
				GCC_PREPROCESSOR_DEFINITIONS = (
					"DEBUG=1",
					"$(inherited)",
				);
				GCC_SYMBOLS_PRIVATE_EXTERN = NO;
				GCC_WARN_64_TO_32_BIT_CONVERSION = YES;
				GCC_WARN_ABOUT_RETURN_TYPE = YES_ERROR;
				GCC_WARN_UNDECLARED_SELECTOR = YES;
				GCC_WARN_UNINITIALIZED_AUTOS = YES_AGGRESSIVE;
				GCC_WARN_UNUSED_FUNCTION = YES;
				GCC_WARN_UNUSED_VARIABLE = YES;
				IPHONEOS_DEPLOYMENT_TARGET = 8.2;
				MTL_ENABLE_DEBUG_INFO = YES;
				ONLY_ACTIVE_ARCH = YES;
				SDKROOT = iphoneos;
			};
			name = Debug;
		};
		0E4A13391ABDF20600C20D71 /* Release */ = {
			isa = XCBuildConfiguration;
			buildSettings = {
				ALWAYS_SEARCH_USER_PATHS = NO;
				CLANG_CXX_LANGUAGE_STANDARD = "gnu++0x";
				CLANG_CXX_LIBRARY = "libc++";
				CLANG_ENABLE_MODULES = YES;
				CLANG_ENABLE_OBJC_ARC = YES;
				CLANG_WARN_BOOL_CONVERSION = YES;
				CLANG_WARN_CONSTANT_CONVERSION = YES;
				CLANG_WARN_DIRECT_OBJC_ISA_USAGE = YES_ERROR;
				CLANG_WARN_EMPTY_BODY = YES;
				CLANG_WARN_ENUM_CONVERSION = YES;
				CLANG_WARN_INT_CONVERSION = YES;
				CLANG_WARN_OBJC_ROOT_CLASS = YES_ERROR;
				CLANG_WARN_UNREACHABLE_CODE = YES;
				CLANG_WARN__DUPLICATE_METHOD_MATCH = YES;
				CODE_SIGN_IDENTITY = "iPhone Developer: Marcelo Sedano (YBRUC8KCBU)";
				"CODE_SIGN_IDENTITY[sdk=iphoneos*]" = "iPhone Developer";
				COPY_PHASE_STRIP = NO;
				ENABLE_NS_ASSERTIONS = NO;
				ENABLE_STRICT_OBJC_MSGSEND = YES;
				GCC_C_LANGUAGE_STANDARD = gnu99;
				GCC_WARN_64_TO_32_BIT_CONVERSION = YES;
				GCC_WARN_ABOUT_RETURN_TYPE = YES_ERROR;
				GCC_WARN_UNDECLARED_SELECTOR = YES;
				GCC_WARN_UNINITIALIZED_AUTOS = YES_AGGRESSIVE;
				GCC_WARN_UNUSED_FUNCTION = YES;
				GCC_WARN_UNUSED_VARIABLE = YES;
				IPHONEOS_DEPLOYMENT_TARGET = 8.2;
				MTL_ENABLE_DEBUG_INFO = NO;
				SDKROOT = iphoneos;
				VALIDATE_PRODUCT = YES;
			};
			name = Release;
		};
		0E4A133B1ABDF20600C20D71 /* Debug */ = {
			isa = XCBuildConfiguration;
			buildSettings = {
				ASSETCATALOG_COMPILER_APPICON_NAME = AppIcon;
				CODE_SIGN_IDENTITY = "iPhone Developer";
				"CODE_SIGN_IDENTITY[sdk=iphoneos*]" = "iPhone Developer";
				FRAMEWORK_SEARCH_PATHS = (
					"$(inherited)",
					"\"$(SRCROOT)/Tubor\"",
					"$(PROJECT_DIR)/Tubor",
				);
				INFOPLIST_FILE = Tubor/Info.plist;
				IPHONEOS_DEPLOYMENT_TARGET = 8.1;
				LD_RUNPATH_SEARCH_PATHS = "$(inherited) @executable_path/Frameworks";
				PRODUCT_NAME = "$(TARGET_NAME)";
				PROVISIONING_PROFILE = "";
				TARGETED_DEVICE_FAMILY = 1;
			};
			name = Debug;
		};
		0E4A133C1ABDF20600C20D71 /* Release */ = {
			isa = XCBuildConfiguration;
			buildSettings = {
				ASSETCATALOG_COMPILER_APPICON_NAME = AppIcon;
				CODE_SIGN_IDENTITY = "iPhone Developer";
				"CODE_SIGN_IDENTITY[sdk=iphoneos*]" = "iPhone Developer";
				FRAMEWORK_SEARCH_PATHS = (
					"$(inherited)",
					"\"$(SRCROOT)/Tubor\"",
					"$(PROJECT_DIR)/Tubor",
				);
				INFOPLIST_FILE = Tubor/Info.plist;
				IPHONEOS_DEPLOYMENT_TARGET = 8.1;
				LD_RUNPATH_SEARCH_PATHS = "$(inherited) @executable_path/Frameworks";
				PRODUCT_NAME = "$(TARGET_NAME)";
				PROVISIONING_PROFILE = "";
				TARGETED_DEVICE_FAMILY = 1;
			};
			name = Release;
		};
		0E4A133E1ABDF20600C20D71 /* Debug */ = {
			isa = XCBuildConfiguration;
			buildSettings = {
				BUNDLE_LOADER = "$(TEST_HOST)";
				FRAMEWORK_SEARCH_PATHS = (
					"$(SDKROOT)/Developer/Library/Frameworks",
					"$(inherited)",
				);
				GCC_PREPROCESSOR_DEFINITIONS = (
					"DEBUG=1",
					"$(inherited)",
				);
				INFOPLIST_FILE = TuborTests/Info.plist;
				LD_RUNPATH_SEARCH_PATHS = "$(inherited) @executable_path/Frameworks @loader_path/Frameworks";
				PRODUCT_NAME = "$(TARGET_NAME)";
				TEST_HOST = "$(BUILT_PRODUCTS_DIR)/Tubor.app/Tubor";
			};
			name = Debug;
		};
		0E4A133F1ABDF20600C20D71 /* Release */ = {
			isa = XCBuildConfiguration;
			buildSettings = {
				BUNDLE_LOADER = "$(TEST_HOST)";
				FRAMEWORK_SEARCH_PATHS = (
					"$(SDKROOT)/Developer/Library/Frameworks",
					"$(inherited)",
				);
				INFOPLIST_FILE = TuborTests/Info.plist;
				LD_RUNPATH_SEARCH_PATHS = "$(inherited) @executable_path/Frameworks @loader_path/Frameworks";
				PRODUCT_NAME = "$(TARGET_NAME)";
				TEST_HOST = "$(BUILT_PRODUCTS_DIR)/Tubor.app/Tubor";
			};
			name = Release;
		};
/* End XCBuildConfiguration section */

/* Begin XCConfigurationList section */
		0E4A13121ABDF20600C20D71 /* Build configuration list for PBXProject "Tubor" */ = {
			isa = XCConfigurationList;
			buildConfigurations = (
				0E4A13381ABDF20600C20D71 /* Debug */,
				0E4A13391ABDF20600C20D71 /* Release */,
			);
			defaultConfigurationIsVisible = 0;
			defaultConfigurationName = Release;
		};
		0E4A133A1ABDF20600C20D71 /* Build configuration list for PBXNativeTarget "Tubor" */ = {
			isa = XCConfigurationList;
			buildConfigurations = (
				0E4A133B1ABDF20600C20D71 /* Debug */,
				0E4A133C1ABDF20600C20D71 /* Release */,
			);
			defaultConfigurationIsVisible = 0;
			defaultConfigurationName = Release;
		};
		0E4A133D1ABDF20600C20D71 /* Build configuration list for PBXNativeTarget "TuborTests" */ = {
			isa = XCConfigurationList;
			buildConfigurations = (
				0E4A133E1ABDF20600C20D71 /* Debug */,
				0E4A133F1ABDF20600C20D71 /* Release */,
			);
			defaultConfigurationIsVisible = 0;
			defaultConfigurationName = Release;
		};
/* End XCConfigurationList section */
	};
	rootObject = 0E4A130F1ABDF20600C20D71 /* Project object */;
}
